
Microsoft Visual Studio Solution File, Format Version 12.00
# Visual Studio Version 17
VisualStudioVersion = 17.9.34728.123
MinimumVisualStudioVersion = 10.0.40219.1
Project("{FAE04EC0-301F-11D3-BF4B-00C04F79EFBC}") = "IntentRecognition", "IntentRecognition.csproj", "{27C6D532-8F3B-43F4-B706-17B07F56BE89}"
EndProject
Global
	GlobalSection(SolutionConfigurationPlatforms) = preSolution
		Debug|Any CPU = Debug|Any CPU
		Release|Any CPU = Release|Any CPU
	EndGlobalSection
	GlobalSection(ProjectConfigurationPlatforms) = postSolution
		{27C6D532-8F3B-43F4-B706-17B07F56BE89}.Debug|Any CPU.ActiveCfg = Debug|Any CPU
		{27C6D532-8F3B-43F4-B706-17B07F56BE89}.Debug|Any CPU.Build.0 = Debug|Any CPU
		{27C6D532-8F3B-43F4-B706-17B07F56BE89}.Release|Any CPU.ActiveCfg = Release|Any CPU
		{27C6D532-8F3B-43F4-B706-17B07F56BE89}.Release|Any CPU.Build.0 = Release|Any CPU
	EndGlobalSection
	GlobalSection(SolutionProperties) = preSolution
		HideSolutionNode = FALSE
	EndGlobalSection
	GlobalSection(ExtensibilityGlobals) = postSolution
		SolutionGuid = {258C3CC6-3013-482D-B404-C576D0652DD4}
	EndGlobalSection
EndGlobal
